// !$*UTF8*$!
{
	archiveVersion = 1;
	classes = {
	};
	objectVersion = 56;
	objects = {

/* Begin PBXBuildFile section */
		DD031A3D2C378AE800BDD16C /* QRCodeView.swift in Sources */ = {isa = PBXBuildFile; fileRef = DD031A3C2C378AE800BDD16C /* QRCodeView.swift */; };
		DD031A412C37934300BDD16C /* ScannerView.swift in Sources */ = {isa = PBXBuildFile; fileRef = DD031A402C37934300BDD16C /* ScannerView.swift */; };
		DD2B0F532C1BEACF005C6BAA /* PixelsImage.swift in Sources */ = {isa = PBXBuildFile; fileRef = DD2B0F522C1BEACF005C6BAA /* PixelsImage.swift */; };
		DD46ED512C056955009D4CF7 /* LaunchScreenView.swift in Sources */ = {isa = PBXBuildFile; fileRef = DD46ED502C056955009D4CF7 /* LaunchScreenView.swift */; };
		DD46ED532C058D0C009D4CF7 /* OnboardingView.swift in Sources */ = {isa = PBXBuildFile; fileRef = DD46ED522C058D0C009D4CF7 /* OnboardingView.swift */; };
		DD5DDCE62C37A19300AC77D1 /* CameraView.swift in Sources */ = {isa = PBXBuildFile; fileRef = DD5DDCE52C37A19300AC77D1 /* CameraView.swift */; };
		DD5DDCE82C37A96300AC77D1 /* QRScannerDelegate.swift in Sources */ = {isa = PBXBuildFile; fileRef = DD5DDCE72C37A96300AC77D1 /* QRScannerDelegate.swift */; };
		DD6FEB662C06C25700B7D5E4 /* PhotosAppTransitionView.swift in Sources */ = {isa = PBXBuildFile; fileRef = DD6FEB652C06C25700B7D5E4 /* PhotosAppTransitionView.swift */; };
		DD6FEB6B2C06C2DC00B7D5E4 /* ItemPhotoTransition.swift in Sources */ = {isa = PBXBuildFile; fileRef = DD6FEB6A2C06C2DC00B7D5E4 /* ItemPhotoTransition.swift */; };
		DD6FEB6D2C06C42300B7D5E4 /* UICoordinator.swift in Sources */ = {isa = PBXBuildFile; fileRef = DD6FEB6C2C06C42300B7D5E4 /* UICoordinator.swift */; };
		DD6FEB6F2C06C6E900B7D5E4 /* DetailPhotosView.swift in Sources */ = {isa = PBXBuildFile; fileRef = DD6FEB6E2C06C6E900B7D5E4 /* DetailPhotosView.swift */; };
		DD6FEB712C06CA3600B7D5E4 /* HeroLayer.swift in Sources */ = {isa = PBXBuildFile; fileRef = DD6FEB702C06CA3600B7D5E4 /* HeroLayer.swift */; };
		DD6FEB732C06CA7200B7D5E4 /* HeroKey.swift in Sources */ = {isa = PBXBuildFile; fileRef = DD6FEB722C06CA7200B7D5E4 /* HeroKey.swift */; };
		DD6FEB762C071AFC00B7D5E4 /* View+Extension.swift in Sources */ = {isa = PBXBuildFile; fileRef = DD6FEB752C071AFC00B7D5E4 /* View+Extension.swift */; };
		DDDEE80A2C0469F6006D0D4A /* DataModel.swift in Sources */ = {isa = PBXBuildFile; fileRef = DDDEE8092C0469F6006D0D4A /* DataModel.swift */; };
		DDDEE80D2C047043006D0D4A /* ImageStack.swift in Sources */ = {isa = PBXBuildFile; fileRef = DDDEE80C2C047043006D0D4A /* ImageStack.swift */; };
		DDDEE80F2C047064006D0D4A /* SelectedStack.swift in Sources */ = {isa = PBXBuildFile; fileRef = DDDEE80E2C047064006D0D4A /* SelectedStack.swift */; };
		DDDEE8122C0493F4006D0D4A /* ImagePicker.swift in Sources */ = {isa = PBXBuildFile; fileRef = DDDEE8112C0493F4006D0D4A /* ImagePicker.swift */; };
		DDDFD2ED2C041F560072FFD0 /* SwiftUIDesignsApp.swift in Sources */ = {isa = PBXBuildFile; fileRef = DDDFD2EC2C041F560072FFD0 /* SwiftUIDesignsApp.swift */; };
		DDDFD2EF2C041F560072FFD0 /* ContentView.swift in Sources */ = {isa = PBXBuildFile; fileRef = DDDFD2EE2C041F560072FFD0 /* ContentView.swift */; };
		DDDFD2F32C041F580072FFD0 /* Assets.xcassets in Resources */ = {isa = PBXBuildFile; fileRef = DDDFD2F22C041F580072FFD0 /* Assets.xcassets */; };
		DDDFD2F62C041F580072FFD0 /* Preview Assets.xcassets in Resources */ = {isa = PBXBuildFile; fileRef = DDDFD2F52C041F580072FFD0 /* Preview Assets.xcassets */; };
		DDDFD3012C0421180072FFD0 /* ImageGalleryView.swift in Sources */ = {isa = PBXBuildFile; fileRef = DDDFD3002C0421180072FFD0 /* ImageGalleryView.swift */; };
		DDE3D3512C0590C000E6EEE9 /* RootAppView.swift in Sources */ = {isa = PBXBuildFile; fileRef = DDE3D3502C0590C000E6EEE9 /* RootAppView.swift */; };
/* End PBXBuildFile section */

/* Begin PBXFileReference section */
		DD031A3C2C378AE800BDD16C /* QRCodeView.swift */ = {isa = PBXFileReference; lastKnownFileType = sourcecode.swift; path = QRCodeView.swift; sourceTree = "<group>"; };
		DD031A402C37934300BDD16C /* ScannerView.swift */ = {isa = PBXFileReference; lastKnownFileType = sourcecode.swift; path = ScannerView.swift; sourceTree = "<group>"; };
		DD2B0F522C1BEACF005C6BAA /* PixelsImage.swift */ = {isa = PBXFileReference; lastKnownFileType = sourcecode.swift; path = PixelsImage.swift; sourceTree = "<group>"; };
		DD46ED502C056955009D4CF7 /* LaunchScreenView.swift */ = {isa = PBXFileReference; lastKnownFileType = sourcecode.swift; path = LaunchScreenView.swift; sourceTree = "<group>"; };
		DD46ED522C058D0C009D4CF7 /* OnboardingView.swift */ = {isa = PBXFileReference; fileEncoding = 4; lastKnownFileType = sourcecode.swift; path = OnboardingView.swift; sourceTree = "<group>"; };
		DD5DDCE52C37A19300AC77D1 /* CameraView.swift */ = {isa = PBXFileReference; lastKnownFileType = sourcecode.swift; path = CameraView.swift; sourceTree = "<group>"; };
		DD5DDCE72C37A96300AC77D1 /* QRScannerDelegate.swift */ = {isa = PBXFileReference; lastKnownFileType = sourcecode.swift; path = QRScannerDelegate.swift; sourceTree = "<group>"; };
		DD6FEB652C06C25700B7D5E4 /* PhotosAppTransitionView.swift */ = {isa = PBXFileReference; lastKnownFileType = sourcecode.swift; path = PhotosAppTransitionView.swift; sourceTree = "<group>"; };
		DD6FEB6A2C06C2DC00B7D5E4 /* ItemPhotoTransition.swift */ = {isa = PBXFileReference; lastKnownFileType = sourcecode.swift; path = ItemPhotoTransition.swift; sourceTree = "<group>"; };
		DD6FEB6C2C06C42300B7D5E4 /* UICoordinator.swift */ = {isa = PBXFileReference; lastKnownFileType = sourcecode.swift; path = UICoordinator.swift; sourceTree = "<group>"; };
		DD6FEB6E2C06C6E900B7D5E4 /* DetailPhotosView.swift */ = {isa = PBXFileReference; lastKnownFileType = sourcecode.swift; path = DetailPhotosView.swift; sourceTree = "<group>"; };
		DD6FEB702C06CA3600B7D5E4 /* HeroLayer.swift */ = {isa = PBXFileReference; lastKnownFileType = sourcecode.swift; path = HeroLayer.swift; sourceTree = "<group>"; };
		DD6FEB722C06CA7200B7D5E4 /* HeroKey.swift */ = {isa = PBXFileReference; lastKnownFileType = sourcecode.swift; path = HeroKey.swift; sourceTree = "<group>"; };
		DD6FEB752C071AFC00B7D5E4 /* View+Extension.swift */ = {isa = PBXFileReference; lastKnownFileType = sourcecode.swift; path = "View+Extension.swift"; sourceTree = "<group>"; };
		DDDEE8092C0469F6006D0D4A /* DataModel.swift */ = {isa = PBXFileReference; lastKnownFileType = sourcecode.swift; path = DataModel.swift; sourceTree = "<group>"; };
		DDDEE80C2C047043006D0D4A /* ImageStack.swift */ = {isa = PBXFileReference; lastKnownFileType = sourcecode.swift; path = ImageStack.swift; sourceTree = "<group>"; };
		DDDEE80E2C047064006D0D4A /* SelectedStack.swift */ = {isa = PBXFileReference; lastKnownFileType = sourcecode.swift; path = SelectedStack.swift; sourceTree = "<group>"; };
		DDDEE8112C0493F4006D0D4A /* ImagePicker.swift */ = {isa = PBXFileReference; lastKnownFileType = sourcecode.swift; path = ImagePicker.swift; sourceTree = "<group>"; };
		DDDFD2E92C041F560072FFD0 /* SwiftUIDesigns.app */ = {isa = PBXFileReference; explicitFileType = wrapper.application; includeInIndex = 0; path = SwiftUIDesigns.app; sourceTree = BUILT_PRODUCTS_DIR; };
		DDDFD2EC2C041F560072FFD0 /* SwiftUIDesignsApp.swift */ = {isa = PBXFileReference; lastKnownFileType = sourcecode.swift; path = SwiftUIDesignsApp.swift; sourceTree = "<group>"; };
		DDDFD2EE2C041F560072FFD0 /* ContentView.swift */ = {isa = PBXFileReference; lastKnownFileType = sourcecode.swift; path = ContentView.swift; sourceTree = "<group>"; };
		DDDFD2F22C041F580072FFD0 /* Assets.xcassets */ = {isa = PBXFileReference; lastKnownFileType = folder.assetcatalog; path = Assets.xcassets; sourceTree = "<group>"; };
		DDDFD2F52C041F580072FFD0 /* Preview Assets.xcassets */ = {isa = PBXFileReference; lastKnownFileType = folder.assetcatalog; path = "Preview Assets.xcassets"; sourceTree = "<group>"; };
		DDDFD3002C0421180072FFD0 /* ImageGalleryView.swift */ = {isa = PBXFileReference; lastKnownFileType = sourcecode.swift; path = ImageGalleryView.swift; sourceTree = "<group>"; };
		DDE3D3502C0590C000E6EEE9 /* RootAppView.swift */ = {isa = PBXFileReference; lastKnownFileType = sourcecode.swift; path = RootAppView.swift; sourceTree = "<group>"; };
/* End PBXFileReference section */

/* Begin PBXFrameworksBuildPhase section */
		DDDFD2E62C041F560072FFD0 /* Frameworks */ = {
			isa = PBXFrameworksBuildPhase;
			buildActionMask = 2147483647;
			files = (
			);
			runOnlyForDeploymentPostprocessing = 0;
		};
/* End PBXFrameworksBuildPhase section */

/* Begin PBXGroup section */
		DD031A3B2C378AA700BDD16C /* QRCode */ = {
			isa = PBXGroup;
			children = (
				DD031A3E2C37931D00BDD16C /* Model */,
				DD031A3F2C37932900BDD16C /* View */,
			);
			path = QRCode;
			sourceTree = "<group>";
		};
		DD031A3E2C37931D00BDD16C /* Model */ = {
			isa = PBXGroup;
			children = (
			);
			path = Model;
			sourceTree = "<group>";
		};
		DD031A3F2C37932900BDD16C /* View */ = {
			isa = PBXGroup;
			children = (
				DD031A3C2C378AE800BDD16C /* QRCodeView.swift */,
				DD031A402C37934300BDD16C /* ScannerView.swift */,
				DD5DDCE52C37A19300AC77D1 /* CameraView.swift */,
				DD5DDCE72C37A96300AC77D1 /* QRScannerDelegate.swift */,
			);
			path = View;
			sourceTree = "<group>";
		};
		DD2B0F4F2C1BEA8E005C6BAA /* PixelArtImage */ = {
			isa = PBXGroup;
			children = (
				DD2B0F522C1BEACF005C6BAA /* PixelsImage.swift */,
			);
			path = PixelArtImage;
			sourceTree = "<group>";
		};
		DD46ED4F2C05692E009D4CF7 /* LaunchScreenText */ = {
			isa = PBXGroup;
			children = (
				DD46ED502C056955009D4CF7 /* LaunchScreenView.swift */,
			);
			path = LaunchScreenText;
			sourceTree = "<group>";
		};
		DD6FEB642C06C23F00B7D5E4 /* PhotosAppTransition */ = {
			isa = PBXGroup;
			children = (
				DD6FEB772C07216800B7D5E4 /* ViewModels */,
				DD6FEB742C071AED00B7D5E4 /* Helper */,
				DD6FEB692C06C2B700B7D5E4 /* Model */,
				DD6FEB672C06C25A00B7D5E4 /* Views */,
			);
			path = PhotosAppTransition;
			sourceTree = "<group>";
		};
		DD6FEB672C06C25A00B7D5E4 /* Views */ = {
			isa = PBXGroup;
			children = (
				DD6FEB652C06C25700B7D5E4 /* PhotosAppTransitionView.swift */,
				DD6FEB6E2C06C6E900B7D5E4 /* DetailPhotosView.swift */,
				DD6FEB702C06CA3600B7D5E4 /* HeroLayer.swift */,
			);
			path = Views;
			sourceTree = "<group>";
		};
		DD6FEB692C06C2B700B7D5E4 /* Model */ = {
			isa = PBXGroup;
			children = (
				DD6FEB6A2C06C2DC00B7D5E4 /* ItemPhotoTransition.swift */,
				DD6FEB722C06CA7200B7D5E4 /* HeroKey.swift */,
			);
			path = Model;
			sourceTree = "<group>";
		};
		DD6FEB742C071AED00B7D5E4 /* Helper */ = {
			isa = PBXGroup;
			children = (
				DD6FEB752C071AFC00B7D5E4 /* View+Extension.swift */,
			);
			path = Helper;
			sourceTree = "<group>";
		};
		DD6FEB772C07216800B7D5E4 /* ViewModels */ = {
			isa = PBXGroup;
			children = (
				DD6FEB6C2C06C42300B7D5E4 /* UICoordinator.swift */,
			);
			path = ViewModels;
			sourceTree = "<group>";
		};
		DDDEE8062C0469D1006D0D4A /* Models */ = {
			isa = PBXGroup;
			children = (
				DDDEE8092C0469F6006D0D4A /* DataModel.swift */,
			);
			path = Models;
			sourceTree = "<group>";
		};
		DDDEE8072C0469DD006D0D4A /* ViewModels */ = {
			isa = PBXGroup;
			children = (
			);
			path = ViewModels;
			sourceTree = "<group>";
		};
		DDDEE80B2C0469FA006D0D4A /* Views */ = {
			isa = PBXGroup;
			children = (
				DDDFD3002C0421180072FFD0 /* ImageGalleryView.swift */,
				DDDEE80C2C047043006D0D4A /* ImageStack.swift */,
				DDDEE80E2C047064006D0D4A /* SelectedStack.swift */,
			);
			path = Views;
			sourceTree = "<group>";
		};
		DDDEE8102C0493E9006D0D4A /* Helpers */ = {
			isa = PBXGroup;
			children = (
				DDDEE8112C0493F4006D0D4A /* ImagePicker.swift */,
			);
			path = Helpers;
			sourceTree = "<group>";
		};
		DDDFD2E02C041F560072FFD0 = {
			isa = PBXGroup;
			children = (
				DDDFD2EB2C041F560072FFD0 /* SwiftUIDesigns */,
				DDDFD2EA2C041F560072FFD0 /* Products */,
			);
			sourceTree = "<group>";
		};
		DDDFD2EA2C041F560072FFD0 /* Products */ = {
			isa = PBXGroup;
			children = (
				DDDFD2E92C041F560072FFD0 /* SwiftUIDesigns.app */,
			);
			name = Products;
			sourceTree = "<group>";
		};
		DDDFD2EB2C041F560072FFD0 /* SwiftUIDesigns */ = {
			isa = PBXGroup;
			children = (
				DDDFD2F22C041F580072FFD0 /* Assets.xcassets */,
				DDDFD2FF2C0420FC0072FFD0 /* App */,
				DDDFD2FD2C0420EA0072FFD0 /* Core */,
				DDDFD2F42C041F580072FFD0 /* Preview Content */,
			);
			path = SwiftUIDesigns;
			sourceTree = "<group>";
		};
		DDDFD2F42C041F580072FFD0 /* Preview Content */ = {
			isa = PBXGroup;
			children = (
				DDDFD2F52C041F580072FFD0 /* Preview Assets.xcassets */,
			);
			path = "Preview Content";
			sourceTree = "<group>";
		};
		DDDFD2FC2C0420DD0072FFD0 /* ImageGalleryApp */ = {
			isa = PBXGroup;
			children = (
				DDDEE8102C0493E9006D0D4A /* Helpers */,
				DDDEE8072C0469DD006D0D4A /* ViewModels */,
				DDDEE8062C0469D1006D0D4A /* Models */,
				DDDEE80B2C0469FA006D0D4A /* Views */,
			);
			path = ImageGalleryApp;
			sourceTree = "<group>";
		};
		DDDFD2FD2C0420EA0072FFD0 /* Core */ = {
			isa = PBXGroup;
			children = (
				DDDFD2FE2C0420F60072FFD0 /* Root */,
				DD2B0F4F2C1BEA8E005C6BAA /* PixelArtImage */,
				DD46ED4F2C05692E009D4CF7 /* LaunchScreenText */,
				DDDFD2FC2C0420DD0072FFD0 /* ImageGalleryApp */,
				DD6FEB642C06C23F00B7D5E4 /* PhotosAppTransition */,
				DD031A3B2C378AA700BDD16C /* QRCode */,
			);
			path = Core;
			sourceTree = "<group>";
		};
		DDDFD2FE2C0420F60072FFD0 /* Root */ = {
			isa = PBXGroup;
			children = (
				DDE3D3502C0590C000E6EEE9 /* RootAppView.swift */,
				DDDFD2EE2C041F560072FFD0 /* ContentView.swift */,
				DD46ED522C058D0C009D4CF7 /* OnboardingView.swift */,
			);
			path = Root;
			sourceTree = "<group>";
		};
		DDDFD2FF2C0420FC0072FFD0 /* App */ = {
			isa = PBXGroup;
			children = (
				DDDFD2EC2C041F560072FFD0 /* SwiftUIDesignsApp.swift */,
			);
			path = App;
			sourceTree = "<group>";
		};
/* End PBXGroup section */

/* Begin PBXNativeTarget section */
		DDDFD2E82C041F560072FFD0 /* SwiftUIDesigns */ = {
			isa = PBXNativeTarget;
			buildConfigurationList = DDDFD2F92C041F580072FFD0 /* Build configuration list for PBXNativeTarget "SwiftUIDesigns" */;
			buildPhases = (
				DDDFD2E52C041F560072FFD0 /* Sources */,
				DDDFD2E62C041F560072FFD0 /* Frameworks */,
				DDDFD2E72C041F560072FFD0 /* Resources */,
			);
			buildRules = (
			);
			dependencies = (
			);
			name = SwiftUIDesigns;
			productName = SwiftUIDesigns;
			productReference = DDDFD2E92C041F560072FFD0 /* SwiftUIDesigns.app */;
			productType = "com.apple.product-type.application";
		};
/* End PBXNativeTarget section */

/* Begin PBXProject section */
		DDDFD2E12C041F560072FFD0 /* Project object */ = {
			isa = PBXProject;
			attributes = {
				BuildIndependentTargetsInParallel = 1;
				LastSwiftUpdateCheck = 1500;
				LastUpgradeCheck = 1500;
				TargetAttributes = {
					DDDFD2E82C041F560072FFD0 = {
						CreatedOnToolsVersion = 15.0.1;
					};
				};
			};
			buildConfigurationList = DDDFD2E42C041F560072FFD0 /* Build configuration list for PBXProject "SwiftUIDesigns" */;
			compatibilityVersion = "Xcode 14.0";
			developmentRegion = en;
			hasScannedForEncodings = 0;
			knownRegions = (
				en,
				Base,
			);
			mainGroup = DDDFD2E02C041F560072FFD0;
			productRefGroup = DDDFD2EA2C041F560072FFD0 /* Products */;
			projectDirPath = "";
			projectRoot = "";
			targets = (
				DDDFD2E82C041F560072FFD0 /* SwiftUIDesigns */,
			);
		};
/* End PBXProject section */

/* Begin PBXResourcesBuildPhase section */
		DDDFD2E72C041F560072FFD0 /* Resources */ = {
			isa = PBXResourcesBuildPhase;
			buildActionMask = 2147483647;
			files = (
				DDDFD2F62C041F580072FFD0 /* Preview Assets.xcassets in Resources */,
				DDDFD2F32C041F580072FFD0 /* Assets.xcassets in Resources */,
			);
			runOnlyForDeploymentPostprocessing = 0;
		};
/* End PBXResourcesBuildPhase section */

/* Begin PBXSourcesBuildPhase section */
		DDDFD2E52C041F560072FFD0 /* Sources */ = {
			isa = PBXSourcesBuildPhase;
			buildActionMask = 2147483647;
			files = (
				DDDFD3012C0421180072FFD0 /* ImageGalleryView.swift in Sources */,
				DDDEE80D2C047043006D0D4A /* ImageStack.swift in Sources */,
				DD6FEB6F2C06C6E900B7D5E4 /* DetailPhotosView.swift in Sources */,
				DD6FEB762C071AFC00B7D5E4 /* View+Extension.swift in Sources */,
				DD6FEB6D2C06C42300B7D5E4 /* UICoordinator.swift in Sources */,
				DDDFD2EF2C041F560072FFD0 /* ContentView.swift in Sources */,
				DD46ED532C058D0C009D4CF7 /* OnboardingView.swift in Sources */,
				DD6FEB6B2C06C2DC00B7D5E4 /* ItemPhotoTransition.swift in Sources */,
				DDE3D3512C0590C000E6EEE9 /* RootAppView.swift in Sources */,
				DD031A412C37934300BDD16C /* ScannerView.swift in Sources */,
				DD031A3D2C378AE800BDD16C /* QRCodeView.swift in Sources */,
				DDDEE8122C0493F4006D0D4A /* ImagePicker.swift in Sources */,
				DDDEE80F2C047064006D0D4A /* SelectedStack.swift in Sources */,
				DD6FEB712C06CA3600B7D5E4 /* HeroLayer.swift in Sources */,
				DD6FEB662C06C25700B7D5E4 /* PhotosAppTransitionView.swift in Sources */,
				DD5DDCE62C37A19300AC77D1 /* CameraView.swift in Sources */,
				DD5DDCE82C37A96300AC77D1 /* QRScannerDelegate.swift in Sources */,
				DDDFD2ED2C041F560072FFD0 /* SwiftUIDesignsApp.swift in Sources */,
				DDDEE80A2C0469F6006D0D4A /* DataModel.swift in Sources */,
				DD46ED512C056955009D4CF7 /* LaunchScreenView.swift in Sources */,
				DD2B0F532C1BEACF005C6BAA /* PixelsImage.swift in Sources */,
				DD6FEB732C06CA7200B7D5E4 /* HeroKey.swift in Sources */,
			);
			runOnlyForDeploymentPostprocessing = 0;
		};
/* End PBXSourcesBuildPhase section */

/* Begin XCBuildConfiguration section */
		DDDFD2F72C041F580072FFD0 /* Debug */ = {
			isa = XCBuildConfiguration;
			buildSettings = {
				ALWAYS_SEARCH_USER_PATHS = NO;
				ASSETCATALOG_COMPILER_GENERATE_SWIFT_ASSET_SYMBOL_EXTENSIONS = YES;
				CLANG_ANALYZER_NONNULL = YES;
				CLANG_ANALYZER_NUMBER_OBJECT_CONVERSION = YES_AGGRESSIVE;
				CLANG_CXX_LANGUAGE_STANDARD = "gnu++20";
				CLANG_ENABLE_MODULES = YES;
				CLANG_ENABLE_OBJC_ARC = YES;
				CLANG_ENABLE_OBJC_WEAK = YES;
				CLANG_WARN_BLOCK_CAPTURE_AUTORELEASING = YES;
				CLANG_WARN_BOOL_CONVERSION = YES;
				CLANG_WARN_COMMA = YES;
				CLANG_WARN_CONSTANT_CONVERSION = YES;
				CLANG_WARN_DEPRECATED_OBJC_IMPLEMENTATIONS = YES;
				CLANG_WARN_DIRECT_OBJC_ISA_USAGE = YES_ERROR;
				CLANG_WARN_DOCUMENTATION_COMMENTS = YES;
				CLANG_WARN_EMPTY_BODY = YES;
				CLANG_WARN_ENUM_CONVERSION = YES;
				CLANG_WARN_INFINITE_RECURSION = YES;
				CLANG_WARN_INT_CONVERSION = YES;
				CLANG_WARN_NON_LITERAL_NULL_CONVERSION = YES;
				CLANG_WARN_OBJC_IMPLICIT_RETAIN_SELF = YES;
				CLANG_WARN_OBJC_LITERAL_CONVERSION = YES;
				CLANG_WARN_OBJC_ROOT_CLASS = YES_ERROR;
				CLANG_WARN_QUOTED_INCLUDE_IN_FRAMEWORK_HEADER = YES;
				CLANG_WARN_RANGE_LOOP_ANALYSIS = YES;
				CLANG_WARN_STRICT_PROTOTYPES = YES;
				CLANG_WARN_SUSPICIOUS_MOVE = YES;
				CLANG_WARN_UNGUARDED_AVAILABILITY = YES_AGGRESSIVE;
				CLANG_WARN_UNREACHABLE_CODE = YES;
				CLANG_WARN__DUPLICATE_METHOD_MATCH = YES;
				COPY_PHASE_STRIP = NO;
				DEBUG_INFORMATION_FORMAT = dwarf;
				ENABLE_STRICT_OBJC_MSGSEND = YES;
				ENABLE_TESTABILITY = YES;
				ENABLE_USER_SCRIPT_SANDBOXING = YES;
				GCC_C_LANGUAGE_STANDARD = gnu17;
				GCC_DYNAMIC_NO_PIC = NO;
				GCC_NO_COMMON_BLOCKS = YES;
				GCC_OPTIMIZATION_LEVEL = 0;
				GCC_PREPROCESSOR_DEFINITIONS = (
					"DEBUG=1",
					"$(inherited)",
				);
				GCC_WARN_64_TO_32_BIT_CONVERSION = YES;
				GCC_WARN_ABOUT_RETURN_TYPE = YES_ERROR;
				GCC_WARN_UNDECLARED_SELECTOR = YES;
				GCC_WARN_UNINITIALIZED_AUTOS = YES_AGGRESSIVE;
				GCC_WARN_UNUSED_FUNCTION = YES;
				GCC_WARN_UNUSED_VARIABLE = YES;
				IPHONEOS_DEPLOYMENT_TARGET = 17.0;
				LOCALIZATION_PREFERS_STRING_CATALOGS = YES;
				MTL_ENABLE_DEBUG_INFO = INCLUDE_SOURCE;
				MTL_FAST_MATH = YES;
				ONLY_ACTIVE_ARCH = YES;
				SDKROOT = iphoneos;
				SWIFT_ACTIVE_COMPILATION_CONDITIONS = "DEBUG $(inherited)";
				SWIFT_OPTIMIZATION_LEVEL = "-Onone";
			};
			name = Debug;
		};
		DDDFD2F82C041F580072FFD0 /* Release */ = {
			isa = XCBuildConfiguration;
			buildSettings = {
				ALWAYS_SEARCH_USER_PATHS = NO;
				ASSETCATALOG_COMPILER_GENERATE_SWIFT_ASSET_SYMBOL_EXTENSIONS = YES;
				CLANG_ANALYZER_NONNULL = YES;
				CLANG_ANALYZER_NUMBER_OBJECT_CONVERSION = YES_AGGRESSIVE;
				CLANG_CXX_LANGUAGE_STANDARD = "gnu++20";
				CLANG_ENABLE_MODULES = YES;
				CLANG_ENABLE_OBJC_ARC = YES;
				CLANG_ENABLE_OBJC_WEAK = YES;
				CLANG_WARN_BLOCK_CAPTURE_AUTORELEASING = YES;
				CLANG_WARN_BOOL_CONVERSION = YES;
				CLANG_WARN_COMMA = YES;
				CLANG_WARN_CONSTANT_CONVERSION = YES;
				CLANG_WARN_DEPRECATED_OBJC_IMPLEMENTATIONS = YES;
				CLANG_WARN_DIRECT_OBJC_ISA_USAGE = YES_ERROR;
				CLANG_WARN_DOCUMENTATION_COMMENTS = YES;
				CLANG_WARN_EMPTY_BODY = YES;
				CLANG_WARN_ENUM_CONVERSION = YES;
				CLANG_WARN_INFINITE_RECURSION = YES;
				CLANG_WARN_INT_CONVERSION = YES;
				CLANG_WARN_NON_LITERAL_NULL_CONVERSION = YES;
				CLANG_WARN_OBJC_IMPLICIT_RETAIN_SELF = YES;
				CLANG_WARN_OBJC_LITERAL_CONVERSION = YES;
				CLANG_WARN_OBJC_ROOT_CLASS = YES_ERROR;
				CLANG_WARN_QUOTED_INCLUDE_IN_FRAMEWORK_HEADER = YES;
				CLANG_WARN_RANGE_LOOP_ANALYSIS = YES;
				CLANG_WARN_STRICT_PROTOTYPES = YES;
				CLANG_WARN_SUSPICIOUS_MOVE = YES;
				CLANG_WARN_UNGUARDED_AVAILABILITY = YES_AGGRESSIVE;
				CLANG_WARN_UNREACHABLE_CODE = YES;
				CLANG_WARN__DUPLICATE_METHOD_MATCH = YES;
				COPY_PHASE_STRIP = NO;
				DEBUG_INFORMATION_FORMAT = "dwarf-with-dsym";
				ENABLE_NS_ASSERTIONS = NO;
				ENABLE_STRICT_OBJC_MSGSEND = YES;
				ENABLE_USER_SCRIPT_SANDBOXING = YES;
				GCC_C_LANGUAGE_STANDARD = gnu17;
				GCC_NO_COMMON_BLOCKS = YES;
				GCC_WARN_64_TO_32_BIT_CONVERSION = YES;
				GCC_WARN_ABOUT_RETURN_TYPE = YES_ERROR;
				GCC_WARN_UNDECLARED_SELECTOR = YES;
				GCC_WARN_UNINITIALIZED_AUTOS = YES_AGGRESSIVE;
				GCC_WARN_UNUSED_FUNCTION = YES;
				GCC_WARN_UNUSED_VARIABLE = YES;
				IPHONEOS_DEPLOYMENT_TARGET = 17.0;
				LOCALIZATION_PREFERS_STRING_CATALOGS = YES;
				MTL_ENABLE_DEBUG_INFO = NO;
				MTL_FAST_MATH = YES;
				SDKROOT = iphoneos;
				SWIFT_COMPILATION_MODE = wholemodule;
				VALIDATE_PRODUCT = YES;
			};
			name = Release;
		};
		DDDFD2FA2C041F580072FFD0 /* Debug */ = {
			isa = XCBuildConfiguration;
			buildSettings = {
				ASSETCATALOG_COMPILER_APPICON_NAME = AppIcon;
				ASSETCATALOG_COMPILER_GLOBAL_ACCENT_COLOR_NAME = AccentColor;
				CODE_SIGN_STYLE = Automatic;
				CURRENT_PROJECT_VERSION = 1;
				DEVELOPMENT_ASSET_PATHS = "\"SwiftUIDesigns/Preview Content\"";
				DEVELOPMENT_TEAM = 4BB9BFSL47;
				ENABLE_PREVIEWS = YES;
				GENERATE_INFOPLIST_FILE = YES;
				INFOPLIST_KEY_NSCameraUsageDescription = "We need permission for camera";
				INFOPLIST_KEY_NSPhotoLibraryAddUsageDescription = "We need your permission to save images to your photos";
				INFOPLIST_KEY_NSPhotoLibraryUsageDescription = "Need permission";
				INFOPLIST_KEY_UIApplicationSceneManifest_Generation = YES;
				INFOPLIST_KEY_UIApplicationSupportsIndirectInputEvents = YES;
				INFOPLIST_KEY_UILaunchScreen_Generation = YES;
				INFOPLIST_KEY_UISupportedInterfaceOrientations_iPad = "UIInterfaceOrientationPortrait UIInterfaceOrientationPortraitUpsideDown UIInterfaceOrientationLandscapeLeft UIInterfaceOrientationLandscapeRight";
				INFOPLIST_KEY_UISupportedInterfaceOrientations_iPhone = "UIInterfaceOrientationPortrait UIInterfaceOrientationLandscapeLeft UIInterfaceOrientationLandscapeRight";
				LD_RUNPATH_SEARCH_PATHS = (
					"$(inherited)",
					"@executable_path/Frameworks",
				);
				MARKETING_VERSION = 1.0;
				PRODUCT_BUNDLE_IDENTIFIER = com.iamblue.SwiftUIDesigns;
				PRODUCT_NAME = "$(TARGET_NAME)";
				SWIFT_EMIT_LOC_STRINGS = YES;
				SWIFT_VERSION = 5.0;
				TARGETED_DEVICE_FAMILY = "1,2";
			};
			name = Debug;
		};
		DDDFD2FB2C041F580072FFD0 /* Release */ = {
			isa = XCBuildConfiguration;
			buildSettings = {
				ASSETCATALOG_COMPILER_APPICON_NAME = AppIcon;
				ASSETCATALOG_COMPILER_GLOBAL_ACCENT_COLOR_NAME = AccentColor;
				CODE_SIGN_STYLE = Automatic;
				CURRENT_PROJECT_VERSION = 1;
				DEVELOPMENT_ASSET_PATHS = "\"SwiftUIDesigns/Preview Content\"";
				DEVELOPMENT_TEAM = 4BB9BFSL47;
				ENABLE_PREVIEWS = YES;
				GENERATE_INFOPLIST_FILE = YES;
				INFOPLIST_KEY_NSCameraUsageDescription = "We need permission for camera";
				INFOPLIST_KEY_NSPhotoLibraryAddUsageDescription = "We need your permission to save images to your photos";
				INFOPLIST_KEY_NSPhotoLibraryUsageDescription = "Need permission";
				INFOPLIST_KEY_UIApplicationSceneManifest_Generation = YES;
				INFOPLIST_KEY_UIApplicationSupportsIndirectInputEvents = YES;
				INFOPLIST_KEY_UILaunchScreen_Generation = YES;
				INFOPLIST_KEY_UISupportedInterfaceOrientations_iPad = "UIInterfaceOrientationPortrait UIInterfaceOrientationPortraitUpsideDown UIInterfaceOrientationLandscapeLeft UIInterfaceOrientationLandscapeRight";
				INFOPLIST_KEY_UISupportedInterfaceOrientations_iPhone = "UIInterfaceOrientationPortrait UIInterfaceOrientationLandscapeLeft UIInterfaceOrientationLandscapeRight";
				LD_RUNPATH_SEARCH_PATHS = (
					"$(inherited)",
					"@executable_path/Frameworks",
				);
				MARKETING_VERSION = 1.0;
				PRODUCT_BUNDLE_IDENTIFIER = com.iamblue.SwiftUIDesigns;
				PRODUCT_NAME = "$(TARGET_NAME)";
				SWIFT_EMIT_LOC_STRINGS = YES;
				SWIFT_VERSION = 5.0;
				TARGETED_DEVICE_FAMILY = "1,2";
			};
			name = Release;
		};
/* End XCBuildConfiguration section */

/* Begin XCConfigurationList section */
		DDDFD2E42C041F560072FFD0 /* Build configuration list for PBXProject "SwiftUIDesigns" */ = {
			isa = XCConfigurationList;
			buildConfigurations = (
				DDDFD2F72C041F580072FFD0 /* Debug */,
				DDDFD2F82C041F580072FFD0 /* Release */,
			);
			defaultConfigurationIsVisible = 0;
			defaultConfigurationName = Release;
		};
		DDDFD2F92C041F580072FFD0 /* Build configuration list for PBXNativeTarget "SwiftUIDesigns" */ = {
			isa = XCConfigurationList;
			buildConfigurations = (
				DDDFD2FA2C041F580072FFD0 /* Debug */,
				DDDFD2FB2C041F580072FFD0 /* Release */,
			);
			defaultConfigurationIsVisible = 0;
			defaultConfigurationName = Release;
		};
/* End XCConfigurationList section */
	};
	rootObject = DDDFD2E12C041F560072FFD0 /* Project object */;
}
